{
  "name": "gauntlet-bp-tracker-devops",
  "version": "0.1.0",
  "lockfileVersion": 1,
  "requires": true,
  "dependencies": {
    "@aws-cdk/assets": {
      "version": "1.49.1",
      "resolved": "https://registry.npmjs.org/@aws-cdk/assets/-/assets-1.49.1.tgz",
      "integrity": "sha512-h8lAQJNhdI/WXCN8guh9IDQZHCV+wN9+RigDVOVXkDEs2p6gIzd2fH5xsRhiBG2caVcRBFg40iYaPfnhkjTUbw==",
      "dev": true,
      "requires": {
        "@aws-cdk/core": "1.49.1",
        "@aws-cdk/cx-api": "1.49.1",
        "constructs": "^3.0.2"
      }
    },
    "@aws-cdk/aws-apigateway": {
      "version": "1.49.1",
      "resolved": "https://registry.npmjs.org/@aws-cdk/aws-apigateway/-/aws-apigateway-1.49.1.tgz",
      "integrity": "sha512-PKDuHndoZ2ia3bVG+jQjUiuN+7I2RWulhkOweIpgN/DQgj67lcqqTOs8yRihgkrR+rMf53v8nROUFG13oUV4lw==",
      "dev": true,
      "requires": {
        "@aws-cdk/assets": "1.49.1",
        "@aws-cdk/aws-certificatemanager": "1.49.1",
        "@aws-cdk/aws-ec2": "1.49.1",
        "@aws-cdk/aws-elasticloadbalancingv2": "1.49.1",
        "@aws-cdk/aws-iam": "1.49.1",
        "@aws-cdk/aws-lambda": "1.49.1",
        "@aws-cdk/aws-logs": "1.49.1",
        "@aws-cdk/aws-s3": "1.49.1",
        "@aws-cdk/aws-s3-assets": "1.49.1",
        "@aws-cdk/core": "1.49.1",
        "@aws-cdk/cx-api": "1.49.1",
        "constructs": "^3.0.2"
      }
    },
    "@aws-cdk/aws-apigatewayv2": {
      "version": "1.49.1",
      "resolved": "https://registry.npmjs.org/@aws-cdk/aws-apigatewayv2/-/aws-apigatewayv2-1.49.1.tgz",
      "integrity": "sha512-+2nA2oUAICYpflFoFep7SxhYSeck6Aqm+I6xWwnNXEQ7uWYUijLjne1X8ktKXbSg/nuEVnhPec7VE3qouTcT1w==",
      "dev": true,
      "requires": {
        "@aws-cdk/aws-iam": "1.49.1",
        "@aws-cdk/aws-lambda": "1.49.1",
        "@aws-cdk/core": "1.49.1",
        "constructs": "^3.0.2"
      }
    },
    "@aws-cdk/aws-applicationautoscaling": {
      "version": "1.49.1",
      "resolved": "https://registry.npmjs.org/@aws-cdk/aws-applicationautoscaling/-/aws-applicationautoscaling-1.49.1.tgz",
      "integrity": "sha512-L/TBKiW0+o1kerftnr4Ye7VUqB1wXWFF5GVDKFCTJNgoU8nyjfNMoX/guJfHSMSEKN6Tt5Aqy6QXhfBMep0N7A==",
      "dev": true,
      "requires": {
        "@aws-cdk/aws-autoscaling-common": "1.49.1",
        "@aws-cdk/aws-cloudwatch": "1.49.1",
        "@aws-cdk/aws-iam": "1.49.1",
        "@aws-cdk/core": "1.49.1",
        "constructs": "^3.0.2"
      }
    },
    "@aws-cdk/aws-autoscaling": {
      "version": "1.49.1",
      "resolved": "https://registry.npmjs.org/@aws-cdk/aws-autoscaling/-/aws-autoscaling-1.49.1.tgz",
      "integrity": "sha512-R7+HUyMxlrJ/1VtPITbz7aW8WgYeJX8BjBzp4dDeNG3l577KmK9ivg9vSknb3XrYy+34DPLPIjgyVJo0ew1MRw==",
      "dev": true,
      "requires": {
        "@aws-cdk/aws-autoscaling-common": "1.49.1",
        "@aws-cdk/aws-cloudwatch": "1.49.1",
        "@aws-cdk/aws-ec2": "1.49.1",
        "@aws-cdk/aws-elasticloadbalancing": "1.49.1",
        "@aws-cdk/aws-elasticloadbalancingv2": "1.49.1",
        "@aws-cdk/aws-iam": "1.49.1",
        "@aws-cdk/aws-sns": "1.49.1",
        "@aws-cdk/core": "1.49.1",
        "constructs": "^3.0.2"
      }
    },
    "@aws-cdk/aws-autoscaling-common": {
      "version": "1.49.1",
      "resolved": "https://registry.npmjs.org/@aws-cdk/aws-autoscaling-common/-/aws-autoscaling-common-1.49.1.tgz",
      "integrity": "sha512-NhOrbh6hBy5+0ecRVgsd9HNZGu+CMzVIaUZX9wTtuQ0hvIW2eNW62/nbvtKE2vFFkPWNoYUaysetK+uGEAwuRw==",
      "dev": true,
      "requires": {
        "@aws-cdk/aws-iam": "1.49.1",
        "@aws-cdk/core": "1.49.1",
        "constructs": "^3.0.2"
      }
    },
    "@aws-cdk/aws-autoscaling-hooktargets": {
      "version": "1.49.1",
      "resolved": "https://registry.npmjs.org/@aws-cdk/aws-autoscaling-hooktargets/-/aws-autoscaling-hooktargets-1.49.1.tgz",
      "integrity": "sha512-o9a4sTezAe8xOEQet2VBgqYCLgk1GmuqOU9smF/L45jn+PdiOo2/W/xvmif/+T8VsBYsMYWCytOG7eaiidZfBA==",
      "dev": true,
      "requires": {
        "@aws-cdk/aws-autoscaling": "1.49.1",
        "@aws-cdk/aws-iam": "1.49.1",
        "@aws-cdk/aws-lambda": "1.49.1",
        "@aws-cdk/aws-sns": "1.49.1",
        "@aws-cdk/aws-sns-subscriptions": "1.49.1",
        "@aws-cdk/aws-sqs": "1.49.1",
        "@aws-cdk/core": "1.49.1",
        "constructs": "^3.0.2"
      }
    },
    "@aws-cdk/aws-batch": {
      "version": "1.49.1",
      "resolved": "https://registry.npmjs.org/@aws-cdk/aws-batch/-/aws-batch-1.49.1.tgz",
      "integrity": "sha512-9JJwHl4rsuQHhHe+/szzeuzHnH7R4LHEPlannr+4Nz72pT4IrXDAXzKCzikDZ65C3FzwmcWkxfB6UIByr2L26g==",
      "dev": true,
      "requires": {
        "@aws-cdk/aws-ec2": "1.49.1",
        "@aws-cdk/aws-ecr": "1.49.1",
        "@aws-cdk/aws-ecs": "1.49.1",
        "@aws-cdk/aws-iam": "1.49.1",
        "@aws-cdk/core": "1.49.1",
        "constructs": "^3.0.2"
      }
    },
    "@aws-cdk/aws-certificatemanager": {
      "version": "1.49.1",
      "resolved": "https://registry.npmjs.org/@aws-cdk/aws-certificatemanager/-/aws-certificatemanager-1.49.1.tgz",
      "integrity": "sha512-f/qEhBnt0Wcxe+qRyV2LevvDlpM3ftRbpgMmF33IsOuMB+OheIcN3+H9jjOAWaNIh2E3lOiy8rmgyNWsAHJiYA==",
      "dev": true,
      "requires": {
        "@aws-cdk/aws-iam": "1.49.1",
        "@aws-cdk/aws-lambda": "1.49.1",
        "@aws-cdk/aws-route53": "1.49.1",
        "@aws-cdk/core": "1.49.1",
        "constructs": "^3.0.2"
      }
    },
    "@aws-cdk/aws-cloudformation": {
      "version": "1.49.1",
      "resolved": "https://registry.npmjs.org/@aws-cdk/aws-cloudformation/-/aws-cloudformation-1.49.1.tgz",
      "integrity": "sha512-kHp1BqjFQxuiDysBKavwZXnjFFlHk4egB3sYKGGL3/abLnpnf4ZErlN0LEHOopYU4TKvSkNeWDG6IfhhSalDNw==",
      "dev": true,
      "requires": {
        "@aws-cdk/aws-iam": "1.49.1",
        "@aws-cdk/aws-lambda": "1.49.1",
        "@aws-cdk/aws-s3": "1.49.1",
        "@aws-cdk/aws-sns": "1.49.1",
        "@aws-cdk/core": "1.49.1",
        "@aws-cdk/cx-api": "1.49.1",
        "constructs": "^3.0.2"
      }
    },
    "@aws-cdk/aws-cloudfront": {
      "version": "1.49.1",
      "resolved": "https://registry.npmjs.org/@aws-cdk/aws-cloudfront/-/aws-cloudfront-1.49.1.tgz",
      "integrity": "sha512-4cMlOmH+zNNu4xq8zf9BUOFDZX9QX6mGa5j+As2txT7TDEvtNqnkCVbOXX4dVJFX9TybHL2ItsFToLG4S21j3Q==",
      "dev": true,
      "requires": {
        "@aws-cdk/aws-certificatemanager": "1.49.1",
        "@aws-cdk/aws-iam": "1.49.1",
        "@aws-cdk/aws-kms": "1.49.1",
        "@aws-cdk/aws-lambda": "1.49.1",
        "@aws-cdk/aws-s3": "1.49.1",
        "@aws-cdk/core": "1.49.1",
        "constructs": "^3.0.2"
      }
    },
    "@aws-cdk/aws-cloudwatch": {
      "version": "1.49.1",
      "resolved": "https://registry.npmjs.org/@aws-cdk/aws-cloudwatch/-/aws-cloudwatch-1.49.1.tgz",
      "integrity": "sha512-b1Gg+o/tvE6IKK/RcLPdvBPgA2AJzp1GZ3EKri522efVuIdDQE542PRZ7rivlikohl8jTFmYVUXbbcHNoz41YQ==",
      "dev": true,
      "requires": {
        "@aws-cdk/aws-iam": "1.49.1",
        "@aws-cdk/core": "1.49.1",
        "constructs": "^3.0.2"
      }
    },
    "@aws-cdk/aws-codebuild": {
      "version": "1.49.1",
      "resolved": "https://registry.npmjs.org/@aws-cdk/aws-codebuild/-/aws-codebuild-1.49.1.tgz",
      "integrity": "sha512-KYL2BFHe5p1Jk+arxUuyd8pC1oHvuKZNGNlYKgaTFkGO6mRz/2FbzLZr0C9WhPywp1luuio9sGs4mDYLNJdnwQ==",
      "dev": true,
      "requires": {
        "@aws-cdk/assets": "1.49.1",
        "@aws-cdk/aws-cloudwatch": "1.49.1",
        "@aws-cdk/aws-codecommit": "1.49.1",
        "@aws-cdk/aws-ec2": "1.49.1",
        "@aws-cdk/aws-ecr": "1.49.1",
        "@aws-cdk/aws-ecr-assets": "1.49.1",
        "@aws-cdk/aws-events": "1.49.1",
        "@aws-cdk/aws-iam": "1.49.1",
        "@aws-cdk/aws-kms": "1.49.1",
        "@aws-cdk/aws-s3": "1.49.1",
        "@aws-cdk/aws-s3-assets": "1.49.1",
        "@aws-cdk/aws-secretsmanager": "1.49.1",
        "@aws-cdk/core": "1.49.1",
        "constructs": "^3.0.2"
      }
    },
    "@aws-cdk/aws-codecommit": {
      "version": "1.49.1",
      "resolved": "https://registry.npmjs.org/@aws-cdk/aws-codecommit/-/aws-codecommit-1.49.1.tgz",
      "integrity": "sha512-LXflMrV6xDWHgGfQPDr8wS1sz3l5VCbRaRcje6SbgOOh0g5O2racgzU3eagFvRXBKobRV2WVl8mu2FrG4MKrRA==",
      "dev": true,
      "requires": {
        "@aws-cdk/aws-events": "1.49.1",
        "@aws-cdk/aws-iam": "1.49.1",
        "@aws-cdk/core": "1.49.1",
        "constructs": "^3.0.2"
      }
    },
    "@aws-cdk/aws-codedeploy": {
      "version": "1.49.1",
      "resolved": "https://registry.npmjs.org/@aws-cdk/aws-codedeploy/-/aws-codedeploy-1.49.1.tgz",
      "integrity": "sha512-ZDhxSnoa5cNJ5yyX3lklEKqQZXAN2i8JGKjvn1duqoM/Y9GYfg5k3Zg49ofA4IWsVB7L5/FfuugQR154htwcyQ==",
      "dev": true,
      "requires": {
        "@aws-cdk/aws-autoscaling": "1.49.1",
        "@aws-cdk/aws-cloudwatch": "1.49.1",
        "@aws-cdk/aws-ec2": "1.49.1",
        "@aws-cdk/aws-elasticloadbalancing": "1.49.1",
        "@aws-cdk/aws-elasticloadbalancingv2": "1.49.1",
        "@aws-cdk/aws-iam": "1.49.1",
        "@aws-cdk/aws-lambda": "1.49.1",
        "@aws-cdk/aws-s3": "1.49.1",
        "@aws-cdk/core": "1.49.1",
        "constructs": "^3.0.2"
      }
    },
    "@aws-cdk/aws-codepipeline": {
      "version": "1.49.1",
      "resolved": "https://registry.npmjs.org/@aws-cdk/aws-codepipeline/-/aws-codepipeline-1.49.1.tgz",
      "integrity": "sha512-BLVz5twDsEoUR+9mHnBuvv59LgwhfI4MS5qcSTZSOy56MCsq2XHHpkwIGj58+mvhBEqZ4bB/OldEI+I/yikUoA==",
      "dev": true,
      "requires": {
        "@aws-cdk/aws-events": "1.49.1",
        "@aws-cdk/aws-iam": "1.49.1",
        "@aws-cdk/aws-kms": "1.49.1",
        "@aws-cdk/aws-s3": "1.49.1",
        "@aws-cdk/core": "1.49.1",
        "constructs": "^3.0.2"
      }
    },
    "@aws-cdk/aws-codepipeline-actions": {
      "version": "1.49.1",
      "resolved": "https://registry.npmjs.org/@aws-cdk/aws-codepipeline-actions/-/aws-codepipeline-actions-1.49.1.tgz",
      "integrity": "sha512-WsSOA9crw78GpX+/+Fq9MAxDMB0pAs77KwgBqSsS7+wrJJ3TUfgG8bLV/mRUBUtZGyAE09RXrHxQQEoy/e4YqA==",
      "dev": true,
      "requires": {
        "@aws-cdk/aws-cloudformation": "1.49.1",
        "@aws-cdk/aws-codebuild": "1.49.1",
        "@aws-cdk/aws-codecommit": "1.49.1",
        "@aws-cdk/aws-codedeploy": "1.49.1",
        "@aws-cdk/aws-codepipeline": "1.49.1",
        "@aws-cdk/aws-ec2": "1.49.1",
        "@aws-cdk/aws-ecr": "1.49.1",
        "@aws-cdk/aws-ecs": "1.49.1",
        "@aws-cdk/aws-events": "1.49.1",
        "@aws-cdk/aws-events-targets": "1.49.1",
        "@aws-cdk/aws-iam": "1.49.1",
        "@aws-cdk/aws-lambda": "1.49.1",
        "@aws-cdk/aws-s3": "1.49.1",
        "@aws-cdk/aws-sns": "1.49.1",
        "@aws-cdk/aws-sns-subscriptions": "1.49.1",
        "@aws-cdk/core": "1.49.1",
        "case": "1.6.3",
        "constructs": "^3.0.2"
      },
      "dependencies": {
        "case": {
          "version": "1.6.3",
          "bundled": true,
          "dev": true
        }
      }
    },
    "@aws-cdk/aws-cognito": {
      "version": "1.49.1",
      "resolved": "https://registry.npmjs.org/@aws-cdk/aws-cognito/-/aws-cognito-1.49.1.tgz",
      "integrity": "sha512-DK7wYy++c5+DQa6nL0SaKS1UlDU6zdXzCX2El0dLNmLXBRsFzBRAhhCLY7mwbdQ+68A8yaxNK9MX0vZn1NFa9A==",
      "dev": true,
      "requires": {
        "@aws-cdk/aws-certificatemanager": "1.49.1",
        "@aws-cdk/aws-iam": "1.49.1",
        "@aws-cdk/aws-lambda": "1.49.1",
        "@aws-cdk/core": "1.49.1",
        "@aws-cdk/custom-resources": "1.49.1",
        "constructs": "^3.0.2"
      }
    },
    "@aws-cdk/aws-ec2": {
      "version": "1.49.1",
      "resolved": "https://registry.npmjs.org/@aws-cdk/aws-ec2/-/aws-ec2-1.49.1.tgz",
      "integrity": "sha512-xM3jbM6iP3UEaKC5BnHFy/EJArHKqMss9Htr7/fRY5gnhofvEpfawq8J6lSolqF5l6u+2Lvmldzp5yRThA7yEA==",
      "dev": true,
      "requires": {
        "@aws-cdk/aws-cloudwatch": "1.49.1",
        "@aws-cdk/aws-iam": "1.49.1",
        "@aws-cdk/aws-kms": "1.49.1",
        "@aws-cdk/aws-logs": "1.49.1",
        "@aws-cdk/aws-s3": "1.49.1",
        "@aws-cdk/aws-ssm": "1.49.1",
        "@aws-cdk/cloud-assembly-schema": "1.49.1",
        "@aws-cdk/core": "1.49.1",
        "@aws-cdk/cx-api": "1.49.1",
        "@aws-cdk/region-info": "1.49.1",
        "constructs": "^3.0.2"
      }
    },
    "@aws-cdk/aws-ecr": {
      "version": "1.49.1",
      "resolved": "https://registry.npmjs.org/@aws-cdk/aws-ecr/-/aws-ecr-1.49.1.tgz",
      "integrity": "sha512-KeuFb6XIJ7szhtku/OFuNI/I5zZ5kTkQjITVgB1CsTj9rRxHhy49izO2eP0eYK7PBpQUSPEQWuwcKsKdFmKehA==",
      "dev": true,
      "requires": {
        "@aws-cdk/aws-events": "1.49.1",
        "@aws-cdk/aws-iam": "1.49.1",
        "@aws-cdk/core": "1.49.1",
        "@aws-cdk/custom-resources": "1.49.1",
        "constructs": "^3.0.2"
      }
    },
    "@aws-cdk/aws-ecr-assets": {
      "version": "1.49.1",
      "resolved": "https://registry.npmjs.org/@aws-cdk/aws-ecr-assets/-/aws-ecr-assets-1.49.1.tgz",
      "integrity": "sha512-Zss1NlSrYL1eIyRflPcuC41x/nBBF5V7Yg5N7hTak8pP+woMaDE34sEADkdQfRmtyVvLq9EqCdYTEfC8DXTxhQ==",
      "dev": true,
      "requires": {
        "@aws-cdk/assets": "1.49.1",
        "@aws-cdk/aws-ecr": "1.49.1",
        "@aws-cdk/aws-iam": "1.49.1",
        "@aws-cdk/aws-lambda": "1.49.1",
        "@aws-cdk/aws-s3": "1.49.1",
        "@aws-cdk/core": "1.49.1",
        "@aws-cdk/cx-api": "1.49.1",
        "constructs": "^3.0.2",
        "minimatch": "^3.0.4"
      },
      "dependencies": {
        "balanced-match": {
          "version": "1.0.0",
          "bundled": true,
          "dev": true
        },
        "brace-expansion": {
          "version": "1.1.11",
          "bundled": true,
          "dev": true,
          "requires": {
            "balanced-match": "^1.0.0",
            "concat-map": "0.0.1"
          }
        },
        "concat-map": {
          "version": "0.0.1",
          "bundled": true,
          "dev": true
        },
        "minimatch": {
          "version": "3.0.4",
          "bundled": true,
          "dev": true,
          "requires": {
            "brace-expansion": "^1.1.7"
          }
        }
      }
    },
    "@aws-cdk/aws-ecs": {
      "version": "1.49.1",
      "resolved": "https://registry.npmjs.org/@aws-cdk/aws-ecs/-/aws-ecs-1.49.1.tgz",
      "integrity": "sha512-mBap3oGtX9HOJ7Rd80EaMto51eSu76nxC1brYu7mELElD3ztDUDiDEfFEXuL2NpAqDwwoyWxG8f0ySCg1QqwOg==",
      "dev": true,
      "requires": {
        "@aws-cdk/aws-applicationautoscaling": "1.49.1",
        "@aws-cdk/aws-autoscaling": "1.49.1",
        "@aws-cdk/aws-autoscaling-hooktargets": "1.49.1",
        "@aws-cdk/aws-certificatemanager": "1.49.1",
        "@aws-cdk/aws-cloudwatch": "1.49.1",
        "@aws-cdk/aws-ec2": "1.49.1",
        "@aws-cdk/aws-ecr": "1.49.1",
        "@aws-cdk/aws-ecr-assets": "1.49.1",
        "@aws-cdk/aws-elasticloadbalancing": "1.49.1",
        "@aws-cdk/aws-elasticloadbalancingv2": "1.49.1",
        "@aws-cdk/aws-iam": "1.49.1",
        "@aws-cdk/aws-lambda": "1.49.1",
        "@aws-cdk/aws-logs": "1.49.1",
        "@aws-cdk/aws-route53": "1.49.1",
        "@aws-cdk/aws-route53-targets": "1.49.1",
        "@aws-cdk/aws-secretsmanager": "1.49.1",
        "@aws-cdk/aws-servicediscovery": "1.49.1",
        "@aws-cdk/aws-sns": "1.49.1",
        "@aws-cdk/aws-sqs": "1.49.1",
        "@aws-cdk/aws-ssm": "1.49.1",
        "@aws-cdk/core": "1.49.1",
        "@aws-cdk/cx-api": "1.49.1",
        "constructs": "^3.0.2"
      }
    },
    "@aws-cdk/aws-elasticloadbalancing": {
      "version": "1.49.1",
      "resolved": "https://registry.npmjs.org/@aws-cdk/aws-elasticloadbalancing/-/aws-elasticloadbalancing-1.49.1.tgz",
      "integrity": "sha512-MVuowjDjD+JZmL/r3ZhEOjxQALeDPU0D+ldtRJLWN8FcW63IHB7C6yW/HTK7nP1O/hQYhSvDtbqFriqUqOGBXQ==",
      "dev": true,
      "requires": {
        "@aws-cdk/aws-ec2": "1.49.1",
        "@aws-cdk/core": "1.49.1",
        "constructs": "^3.0.2"
      }
    },
    "@aws-cdk/aws-elasticloadbalancingv2": {
      "version": "1.49.1",
      "resolved": "https://registry.npmjs.org/@aws-cdk/aws-elasticloadbalancingv2/-/aws-elasticloadbalancingv2-1.49.1.tgz",
      "integrity": "sha512-H6tYUhNAg8TYlcQIVsmjTe9vGqXRRcfoSQmpT5cVGh+a1MA/xBzFYWmbR6Zlr6vqOAkpPAZGKnbG983jNv+AQA==",
      "dev": true,
      "requires": {
        "@aws-cdk/aws-certificatemanager": "1.49.1",
        "@aws-cdk/aws-cloudwatch": "1.49.1",
        "@aws-cdk/aws-ec2": "1.49.1",
        "@aws-cdk/aws-iam": "1.49.1",
        "@aws-cdk/aws-lambda": "1.49.1",
        "@aws-cdk/aws-s3": "1.49.1",
        "@aws-cdk/core": "1.49.1",
        "constructs": "^3.0.2"
      }
    },
    "@aws-cdk/aws-events": {
      "version": "1.49.1",
      "resolved": "https://registry.npmjs.org/@aws-cdk/aws-events/-/aws-events-1.49.1.tgz",
      "integrity": "sha512-tSShmwpGxgpEvNf4L5KjnJ65aAYnYh1/BX9/Z5i7OUVFbdBcus9+8kIGGHec8wio5PJ1IqJMDBBWh41AsRc4bg==",
      "dev": true,
      "requires": {
        "@aws-cdk/aws-iam": "1.49.1",
        "@aws-cdk/core": "1.49.1",
        "constructs": "^3.0.2"
      }
    },
    "@aws-cdk/aws-events-targets": {
      "version": "1.49.1",
      "resolved": "https://registry.npmjs.org/@aws-cdk/aws-events-targets/-/aws-events-targets-1.49.1.tgz",
      "integrity": "sha512-0sISqC83LZWW4Hxw/m9H/0S4WWd1f91sN3wu5yVqdRyGrfczHk4W5WeK5Q2s/1Cw+uzCZe3iJeMjcjDkjxCNsQ==",
      "dev": true,
      "requires": {
        "@aws-cdk/aws-batch": "1.49.1",
        "@aws-cdk/aws-codebuild": "1.49.1",
        "@aws-cdk/aws-codepipeline": "1.49.1",
        "@aws-cdk/aws-ec2": "1.49.1",
        "@aws-cdk/aws-ecs": "1.49.1",
        "@aws-cdk/aws-events": "1.49.1",
        "@aws-cdk/aws-iam": "1.49.1",
        "@aws-cdk/aws-kinesis": "1.49.1",
        "@aws-cdk/aws-lambda": "1.49.1",
        "@aws-cdk/aws-sns": "1.49.1",
        "@aws-cdk/aws-sns-subscriptions": "1.49.1",
        "@aws-cdk/aws-sqs": "1.49.1",
        "@aws-cdk/aws-stepfunctions": "1.49.1",
        "@aws-cdk/core": "1.49.1",
        "constructs": "^3.0.2"
      }
    },
    "@aws-cdk/aws-iam": {
      "version": "1.49.1",
      "resolved": "https://registry.npmjs.org/@aws-cdk/aws-iam/-/aws-iam-1.49.1.tgz",
      "integrity": "sha512-6iSc56shdO933/DuRkXUI45Dva1Cz4kjMEs8Eqt/mkeivwswjQ2p2EXbyST7seNZT6HPaXU4uD3aYW3rjWmOXw==",
      "dev": true,
      "requires": {
        "@aws-cdk/core": "1.49.1",
        "@aws-cdk/region-info": "1.49.1",
        "constructs": "^3.0.2"
      }
    },
    "@aws-cdk/aws-kinesis": {
      "version": "1.49.1",
      "resolved": "https://registry.npmjs.org/@aws-cdk/aws-kinesis/-/aws-kinesis-1.49.1.tgz",
      "integrity": "sha512-CHDxl2V0chxiACLdUUoTxnkvfF4iyA8nHPqE3R+KTDSCtjc4WjTTYBEK8oApKygRjarzNgj/JnkWhVdg5u+gtg==",
      "dev": true,
      "requires": {
        "@aws-cdk/aws-iam": "1.49.1",
        "@aws-cdk/aws-kms": "1.49.1",
        "@aws-cdk/aws-logs": "1.49.1",
        "@aws-cdk/core": "1.49.1",
        "constructs": "^3.0.2"
      }
    },
    "@aws-cdk/aws-kms": {
      "version": "1.49.1",
      "resolved": "https://registry.npmjs.org/@aws-cdk/aws-kms/-/aws-kms-1.49.1.tgz",
      "integrity": "sha512-ORjuZd48vgL2/Lnc5fesDcG9p5NT7AAJypnza85QlGNq9DelZKwzJPxfYETGRp/R/LEuZkpPSSDeXsPs2ExP5g==",
      "dev": true,
      "requires": {
        "@aws-cdk/aws-iam": "1.49.1",
        "@aws-cdk/core": "1.49.1",
        "constructs": "^3.0.2"
      }
    },
    "@aws-cdk/aws-lambda": {
      "version": "1.49.1",
      "resolved": "https://registry.npmjs.org/@aws-cdk/aws-lambda/-/aws-lambda-1.49.1.tgz",
      "integrity": "sha512-21aSrlUEC3BD5GoQhvSVJdcL5QfnlY0fmJf4Vlwv0n+SpEsX3j6D8YFSj72TYKPI7bJqtzTz+HfsweIWZz01vQ==",
      "dev": true,
      "requires": {
        "@aws-cdk/aws-cloudwatch": "1.49.1",
        "@aws-cdk/aws-ec2": "1.49.1",
        "@aws-cdk/aws-events": "1.49.1",
        "@aws-cdk/aws-iam": "1.49.1",
        "@aws-cdk/aws-logs": "1.49.1",
        "@aws-cdk/aws-s3": "1.49.1",
        "@aws-cdk/aws-s3-assets": "1.49.1",
        "@aws-cdk/aws-sqs": "1.49.1",
        "@aws-cdk/core": "1.49.1",
        "@aws-cdk/cx-api": "1.49.1",
        "constructs": "^3.0.2"
      }
    },
    "@aws-cdk/aws-logs": {
      "version": "1.49.1",
      "resolved": "https://registry.npmjs.org/@aws-cdk/aws-logs/-/aws-logs-1.49.1.tgz",
      "integrity": "sha512-G61ajH5Rkn/dVGE4oRQWXfBjFDq54c5iLi9bCY/sz6szIInGnbm+Ozeg4Re5Bayvkc+oVr+PboRJTYyYaf3Sww==",
      "dev": true,
      "requires": {
        "@aws-cdk/aws-cloudwatch": "1.49.1",
        "@aws-cdk/aws-iam": "1.49.1",
        "@aws-cdk/core": "1.49.1",
        "constructs": "^3.0.2"
      }
    },
    "@aws-cdk/aws-route53": {
      "version": "1.49.1",
      "resolved": "https://registry.npmjs.org/@aws-cdk/aws-route53/-/aws-route53-1.49.1.tgz",
      "integrity": "sha512-jSRq2uucYziMBOPT2484LCSm3DaPC/aDGgXPpFwjP80haM514ip65FW9bVp0fShQfgGuUCWXmxOg5CpFLxUIPQ==",
      "dev": true,
      "requires": {
        "@aws-cdk/aws-ec2": "1.49.1",
        "@aws-cdk/aws-logs": "1.49.1",
        "@aws-cdk/cloud-assembly-schema": "1.49.1",
        "@aws-cdk/core": "1.49.1",
        "constructs": "^3.0.2"
      }
    },
    "@aws-cdk/aws-route53-targets": {
      "version": "1.49.1",
      "resolved": "https://registry.npmjs.org/@aws-cdk/aws-route53-targets/-/aws-route53-targets-1.49.1.tgz",
      "integrity": "sha512-tNrFEGjBUNSc8OXyxGpe6s4hiwacaqDxxg8GVaQhSS6dCV129keX7oaLOe0iKOjWhuSb7+BPfHW3legroHDY2A==",
      "dev": true,
      "requires": {
        "@aws-cdk/aws-apigateway": "1.49.1",
        "@aws-cdk/aws-cloudfront": "1.49.1",
        "@aws-cdk/aws-cognito": "1.49.1",
        "@aws-cdk/aws-ec2": "1.49.1",
        "@aws-cdk/aws-elasticloadbalancing": "1.49.1",
        "@aws-cdk/aws-elasticloadbalancingv2": "1.49.1",
        "@aws-cdk/aws-iam": "1.49.1",
        "@aws-cdk/aws-route53": "1.49.1",
        "@aws-cdk/aws-s3": "1.49.1",
        "@aws-cdk/core": "1.49.1",
        "@aws-cdk/region-info": "1.49.1",
        "constructs": "^3.0.2"
      }
    },
    "@aws-cdk/aws-s3": {
      "version": "1.49.1",
      "resolved": "https://registry.npmjs.org/@aws-cdk/aws-s3/-/aws-s3-1.49.1.tgz",
      "integrity": "sha512-oyzGa9ymWhy5RPjqAyS6ltaeNM/n1wi9BwXdsDJq469mwUuBlPtD2iRmjOrvevtlN5mIQWekrc+USiiAtIk2ag==",
      "dev": true,
      "requires": {
        "@aws-cdk/aws-events": "1.49.1",
        "@aws-cdk/aws-iam": "1.49.1",
        "@aws-cdk/aws-kms": "1.49.1",
        "@aws-cdk/core": "1.49.1",
        "constructs": "^3.0.2"
      }
    },
    "@aws-cdk/aws-s3-assets": {
      "version": "1.49.1",
      "resolved": "https://registry.npmjs.org/@aws-cdk/aws-s3-assets/-/aws-s3-assets-1.49.1.tgz",
      "integrity": "sha512-mbMgShCYFtIYmTcmQWscKkCKoPSmlcMKbytXg5BFK1i3z6+3nQ0RIXfJuypZhGe3d6ao+YrIGMoqqUJZmDW0wg==",
      "dev": true,
      "requires": {
        "@aws-cdk/assets": "1.49.1",
        "@aws-cdk/aws-iam": "1.49.1",
        "@aws-cdk/aws-kms": "1.49.1",
        "@aws-cdk/aws-s3": "1.49.1",
        "@aws-cdk/core": "1.49.1",
        "@aws-cdk/cx-api": "1.49.1",
        "constructs": "^3.0.2"
      }
    },
    "@aws-cdk/aws-sam": {
      "version": "1.49.1",
      "resolved": "https://registry.npmjs.org/@aws-cdk/aws-sam/-/aws-sam-1.49.1.tgz",
      "integrity": "sha512-TBMZ2D5UB/IpE6r6r/H3qtatDEWROBOM+fo4dxHp5RK1Rb6G/Leg8qIvPaGxwUCrdQ4215bUf6eVe3CqqZc/ug==",
      "dev": true,
      "requires": {
        "@aws-cdk/core": "1.49.1",
        "constructs": "^3.0.2"
      }
    },
    "@aws-cdk/aws-secretsmanager": {
      "version": "1.49.1",
      "resolved": "https://registry.npmjs.org/@aws-cdk/aws-secretsmanager/-/aws-secretsmanager-1.49.1.tgz",
      "integrity": "sha512-3LSs+VREe29HIIwUBRe0JkvP/en2Bs5VBKJbzCUu2SeV6LOm8lQcvvckHBJECA163imnwXpQsm6rj7Csg1t7eg==",
      "dev": true,
      "requires": {
        "@aws-cdk/aws-ec2": "1.49.1",
        "@aws-cdk/aws-iam": "1.49.1",
        "@aws-cdk/aws-kms": "1.49.1",
        "@aws-cdk/aws-lambda": "1.49.1",
        "@aws-cdk/aws-sam": "1.49.1",
        "@aws-cdk/core": "1.49.1",
        "constructs": "^3.0.2"
      }
    },
    "@aws-cdk/aws-servicediscovery": {
      "version": "1.49.1",
      "resolved": "https://registry.npmjs.org/@aws-cdk/aws-servicediscovery/-/aws-servicediscovery-1.49.1.tgz",
      "integrity": "sha512-EWRmR+YhzSQhxMDSt0xFDaQKTzgm5EF5XsubPcP0cdC8Y//T9/fZUKlzZidXSIwKSichncjvguj7BqCbmBB3bQ==",
      "dev": true,
      "requires": {
        "@aws-cdk/aws-ec2": "1.49.1",
        "@aws-cdk/aws-elasticloadbalancingv2": "1.49.1",
        "@aws-cdk/aws-route53": "1.49.1",
        "@aws-cdk/core": "1.49.1",
        "constructs": "^3.0.2"
      }
    },
    "@aws-cdk/aws-sns": {
      "version": "1.49.1",
      "resolved": "https://registry.npmjs.org/@aws-cdk/aws-sns/-/aws-sns-1.49.1.tgz",
      "integrity": "sha512-GNuL//09HHEJTl7vNu+VA9/Nx/B6SKMaI4cOE3RBs6sSmUD/5u0CVd8iQsbwNRhBAcJuO1tUj/z/9/vHWZaq2g==",
      "dev": true,
      "requires": {
        "@aws-cdk/aws-cloudwatch": "1.49.1",
        "@aws-cdk/aws-events": "1.49.1",
        "@aws-cdk/aws-iam": "1.49.1",
        "@aws-cdk/aws-kms": "1.49.1",
        "@aws-cdk/aws-sqs": "1.49.1",
        "@aws-cdk/core": "1.49.1",
        "constructs": "^3.0.2"
      }
    },
    "@aws-cdk/aws-sns-subscriptions": {
      "version": "1.49.1",
      "resolved": "https://registry.npmjs.org/@aws-cdk/aws-sns-subscriptions/-/aws-sns-subscriptions-1.49.1.tgz",
      "integrity": "sha512-J5SsJP6/5fcw5tZMqCwuAwarxVQBz1dNOY40Fm/RLlqkWdz4ibmKetok6+1BYDwtvMbsmS+JKwVr2aukclQ7Xg==",
      "dev": true,
      "requires": {
        "@aws-cdk/aws-iam": "1.49.1",
        "@aws-cdk/aws-lambda": "1.49.1",
        "@aws-cdk/aws-sns": "1.49.1",
        "@aws-cdk/aws-sqs": "1.49.1",
        "@aws-cdk/core": "1.49.1",
        "constructs": "^3.0.2"
      }
    },
    "@aws-cdk/aws-sqs": {
      "version": "1.49.1",
      "resolved": "https://registry.npmjs.org/@aws-cdk/aws-sqs/-/aws-sqs-1.49.1.tgz",
      "integrity": "sha512-iHULf/ThVyh2Fh4k4ajEKNw1b9/2FYpxx2IcbdUEaJRswW4ymuNCwbUTW5DhxAI6VCJ8/VM3a5tkb4Ddjn1mow==",
      "dev": true,
      "requires": {
        "@aws-cdk/aws-cloudwatch": "1.49.1",
        "@aws-cdk/aws-iam": "1.49.1",
        "@aws-cdk/aws-kms": "1.49.1",
        "@aws-cdk/core": "1.49.1",
        "constructs": "^3.0.2"
      }
    },
    "@aws-cdk/aws-ssm": {
      "version": "1.49.1",
      "resolved": "https://registry.npmjs.org/@aws-cdk/aws-ssm/-/aws-ssm-1.49.1.tgz",
      "integrity": "sha512-7Nnp1ecy6DgyLUFOG7v8V46Fxd/pMav605nLLxt8DKtazxbh6KGeXmtRdMnKx8QJdNq8lcpeeTjEu7wJ9u+SOg==",
      "dev": true,
      "requires": {
        "@aws-cdk/aws-iam": "1.49.1",
        "@aws-cdk/aws-kms": "1.49.1",
        "@aws-cdk/cloud-assembly-schema": "1.49.1",
        "@aws-cdk/core": "1.49.1",
        "constructs": "^3.0.2"
      }
    },
    "@aws-cdk/aws-stepfunctions": {
      "version": "1.49.1",
      "resolved": "https://registry.npmjs.org/@aws-cdk/aws-stepfunctions/-/aws-stepfunctions-1.49.1.tgz",
      "integrity": "sha512-m7piRs/oXeWVIg9/dzPsHnqOr4jEGTGg9C7MyWDxEq1q7pdsJQ3yJIleIL2wLOXOKNfjLzw1CxSXjKNfBmJaRQ==",
      "dev": true,
      "requires": {
        "@aws-cdk/aws-cloudwatch": "1.49.1",
        "@aws-cdk/aws-events": "1.49.1",
        "@aws-cdk/aws-iam": "1.49.1",
        "@aws-cdk/aws-logs": "1.49.1",
        "@aws-cdk/core": "1.49.1",
        "constructs": "^3.0.2"
      }
    },
    "@aws-cdk/cloud-assembly-schema": {
      "version": "1.49.1",
      "resolved": "https://registry.npmjs.org/@aws-cdk/cloud-assembly-schema/-/cloud-assembly-schema-1.49.1.tgz",
      "integrity": "sha512-nGLI0lEA8e+Zx4UqlT6mHJsMHle1OHB8sIAeeURD9lvpo7bDkiEp1qI1MTHNBB3/JFMXMvVtjdkF7u/lVToXgw==",
      "dev": true,
      "requires": {
        "jsonschema": "^1.2.5",
        "semver": "^7.2.2"
      },
      "dependencies": {
        "jsonschema": {
          "version": "1.2.6",
          "bundled": true,
          "dev": true
        },
        "semver": {
          "version": "7.3.2",
          "bundled": true,
          "dev": true
        }
      }
    },
    "@aws-cdk/core": {
      "version": "1.49.1",
      "resolved": "https://registry.npmjs.org/@aws-cdk/core/-/core-1.49.1.tgz",
      "integrity": "sha512-RwgT1ClCxfOEDespUBP6SdhWcjzfeGjEedORxoOaHSWJ1mKX40m7wzYhV3fsumk4Nw0vuWHL7sLMtvHdMIII8w==",
      "dev": true,
      "requires": {
        "@aws-cdk/cloud-assembly-schema": "1.49.1",
        "@aws-cdk/cx-api": "1.49.1",
        "constructs": "^3.0.2",
        "fs-extra": "^9.0.1",
        "minimatch": "^3.0.4"
      },
      "dependencies": {
        "at-least-node": {
          "version": "1.0.0",
          "bundled": true,
          "dev": true
        },
        "balanced-match": {
          "version": "1.0.0",
          "bundled": true,
          "dev": true
        },
        "brace-expansion": {
          "version": "1.1.11",
          "bundled": true,
          "dev": true,
          "requires": {
            "balanced-match": "^1.0.0",
            "concat-map": "0.0.1"
          }
        },
        "concat-map": {
          "version": "0.0.1",
          "bundled": true,
          "dev": true
        },
        "fs-extra": {
          "version": "9.0.1",
          "bundled": true,
          "dev": true,
          "requires": {
            "at-least-node": "^1.0.0",
            "graceful-fs": "^4.2.0",
            "jsonfile": "^6.0.1",
            "universalify": "^1.0.0"
          }
        },
        "graceful-fs": {
          "version": "4.2.4",
          "bundled": true,
          "dev": true
        },
        "jsonfile": {
          "version": "6.0.1",
          "bundled": true,
          "dev": true,
          "requires": {
            "graceful-fs": "^4.1.6",
            "universalify": "^1.0.0"
          }
        },
        "minimatch": {
          "version": "3.0.4",
          "bundled": true,
          "dev": true,
          "requires": {
            "brace-expansion": "^1.1.7"
          }
        },
        "universalify": {
          "version": "1.0.0",
          "bundled": true,
          "dev": true
        }
      }
    },
    "@aws-cdk/custom-resources": {
      "version": "1.49.1",
      "resolved": "https://registry.npmjs.org/@aws-cdk/custom-resources/-/custom-resources-1.49.1.tgz",
      "integrity": "sha512-E3DIP7z7pKPWS/bgYC1eGJoNdbRyhRhTId5kCsSTrSW1knF7f3GIx9qi7lGYCN/o2nYT5QqDXrT/d5u+8edp1g==",
      "dev": true,
      "requires": {
        "@aws-cdk/aws-cloudformation": "1.49.1",
        "@aws-cdk/aws-iam": "1.49.1",
        "@aws-cdk/aws-lambda": "1.49.1",
        "@aws-cdk/aws-logs": "1.49.1",
        "@aws-cdk/aws-sns": "1.49.1",
        "@aws-cdk/core": "1.49.1",
        "constructs": "^3.0.2"
      }
    },
    "@aws-cdk/cx-api": {
      "version": "1.49.1",
      "resolved": "https://registry.npmjs.org/@aws-cdk/cx-api/-/cx-api-1.49.1.tgz",
      "integrity": "sha512-ScagEdTpVjMEzDThXsPib3SopPAeogPmW579tA3cbbTJ4JcrHP0wkqZ40sIjiW+FyfZRh23lwjl320SZKZXhLA==",
      "dev": true,
      "requires": {
        "@aws-cdk/cloud-assembly-schema": "1.49.1",
        "semver": "^7.2.2"
      },
      "dependencies": {
        "semver": {
          "version": "7.3.2",
          "bundled": true,
          "dev": true
        }
      }
    },
    "@aws-cdk/region-info": {
      "version": "1.49.1",
      "resolved": "https://registry.npmjs.org/@aws-cdk/region-info/-/region-info-1.49.1.tgz",
      "integrity": "sha512-FbeTsU+PoPY3AgIm3UA7lyGzYG+rGvFas0wtv2oqYy5+9eiSgeDPI/82Jp0hVQ8PsEsBWJEJkE3eQ9SKEQ/DPw==",
      "dev": true
    },
    "@babel/code-frame": {
      "version": "7.10.4",
      "resolved": "https://registry.npmjs.org/@babel/code-frame/-/code-frame-7.10.4.tgz",
      "integrity": "sha512-vG6SvB6oYEhvgisZNFRmRCUkLz11c7rp+tbNTynGqc6mS1d5ATd/sGyV6W0KZZnXRKMTzZDRgQT3Ou9jhpAfUg==",
      "dev": true,
      "requires": {
        "@babel/highlight": "^7.10.4"
      }
    },
    "@babel/helper-validator-identifier": {
      "version": "7.10.4",
      "resolved": "https://registry.npmjs.org/@babel/helper-validator-identifier/-/helper-validator-identifier-7.10.4.tgz",
      "integrity": "sha512-3U9y+43hz7ZM+rzG24Qe2mufW5KhvFg/NhnNph+i9mgCtdTCtMJuI1TMkrIUiK7Ix4PYlRF9I5dhqaLYA/ADXw==",
      "dev": true
    },
    "@babel/highlight": {
      "version": "7.10.4",
      "resolved": "https://registry.npmjs.org/@babel/highlight/-/highlight-7.10.4.tgz",
      "integrity": "sha512-i6rgnR/YgPEQzZZnbTHHuZdlE8qyoBNalD6F+q4vAFlcMEcqmkoG+mPqJYJCo63qPf74+Y1UZsl3l6f7/RIkmA==",
      "dev": true,
      "requires": {
        "@babel/helper-validator-identifier": "^7.10.4",
        "chalk": "^2.0.0",
        "js-tokens": "^4.0.0"
      }
    },
    "ansi-styles": {
      "version": "3.2.1",
      "resolved": "https://registry.npmjs.org/ansi-styles/-/ansi-styles-3.2.1.tgz",
      "integrity": "sha512-VT0ZI6kZRdTh8YyJw3SMbYm/u+NqfsAxEpWO0Pf9sq8/e94WxxOpPKx9FR1FlyCtOVDNOQ+8ntlqFxiRc+r5qA==",
      "dev": true,
      "requires": {
        "color-convert": "^1.9.0"
      }
    },
    "arg": {
      "version": "4.1.3",
      "resolved": "https://registry.npmjs.org/arg/-/arg-4.1.3.tgz",
      "integrity": "sha512-58S9QDqG0Xx27YwPSt9fJxivjYl432YCwfDMfZ+71RAqUrZef7LrKQZ3LHLOwCS4FLNBplP533Zx895SeOCHvA==",
      "dev": true
    },
    "argparse": {
      "version": "1.0.10",
      "resolved": "https://registry.npmjs.org/argparse/-/argparse-1.0.10.tgz",
      "integrity": "sha512-o5Roy6tNG4SL/FOkCAN6RzjiakZS25RLYFrcMttJqbdd8BWrnA+fGz57iN5Pb06pvBGvl5gQ0B48dJlslXvoTg==",
      "dev": true,
      "requires": {
        "sprintf-js": "~1.0.2"
      }
    },
    "balanced-match": {
      "version": "1.0.0",
      "resolved": "https://registry.npmjs.org/balanced-match/-/balanced-match-1.0.0.tgz",
      "integrity": "sha1-ibTRmasr7kneFk6gK4nORi1xt2c=",
      "dev": true
    },
    "brace-expansion": {
      "version": "1.1.11",
      "resolved": "https://registry.npmjs.org/brace-expansion/-/brace-expansion-1.1.11.tgz",
      "integrity": "sha512-iCuPHDFgrHX7H2vEI/5xpz07zSHB00TpugqhmYtVmMO6518mCuRMoOYFldEBl0g187ufozdaHgWKcYFb61qGiA==",
      "dev": true,
      "requires": {
        "balanced-match": "^1.0.0",
        "concat-map": "0.0.1"
      }
    },
    "buffer-from": {
      "version": "1.1.1",
      "resolved": "https://registry.npmjs.org/buffer-from/-/buffer-from-1.1.1.tgz",
      "integrity": "sha512-MQcXEUbCKtEo7bhqEs6560Hyd4XaovZlO/k9V3hjVUF/zwW7KBVdSK4gIt/bzwS9MbR5qob+F5jusZsb0YQK2A==",
      "dev": true
    },
    "builtin-modules": {
      "version": "1.1.1",
      "resolved": "https://registry.npmjs.org/builtin-modules/-/builtin-modules-1.1.1.tgz",
      "integrity": "sha1-Jw8HbFpywC9bZaR9+Uxf46J4iS8=",
      "dev": true
    },
    "chalk": {
      "version": "2.4.2",
      "resolved": "https://registry.npmjs.org/chalk/-/chalk-2.4.2.tgz",
      "integrity": "sha512-Mti+f9lpJNcwF4tWV8/OrTTtF1gZi+f8FqlyAdouralcFWFQWF2+NgCHShjkCb+IFBLq9buZwE1xckQU4peSuQ==",
      "dev": true,
      "requires": {
        "ansi-styles": "^3.2.1",
        "escape-string-regexp": "^1.0.5",
        "supports-color": "^5.3.0"
      }
    },
    "color-convert": {
      "version": "1.9.3",
      "resolved": "https://registry.npmjs.org/color-convert/-/color-convert-1.9.3.tgz",
      "integrity": "sha512-QfAUtd+vFdAtFQcC8CCyYt1fYWxSqAiK2cSD6zDB8N3cpsEBAvRxp9zOGg6G/SHHJYAT88/az/IuDGALsNVbGg==",
      "dev": true,
      "requires": {
        "color-name": "1.1.3"
      }
    },
    "color-name": {
      "version": "1.1.3",
      "resolved": "https://registry.npmjs.org/color-name/-/color-name-1.1.3.tgz",
      "integrity": "sha1-p9BVi9icQveV3UIyj3QIMcpTvCU=",
      "dev": true
    },
    "commander": {
      "version": "2.20.3",
      "resolved": "https://registry.npmjs.org/commander/-/commander-2.20.3.tgz",
      "integrity": "sha512-GpVkmM8vF2vQUkj2LvZmD35JxeJOLCwJ9cUkugyk2nuhbv3+mJvpLYYt+0+USMxE+oj+ey/lJEnhZw75x/OMcQ==",
      "dev": true
    },
    "concat-map": {
      "version": "0.0.1",
      "resolved": "https://registry.npmjs.org/concat-map/-/concat-map-0.0.1.tgz",
      "integrity": "sha1-2Klr13/Wjfd5OnMDajug1UBdR3s=",
      "dev": true
    },
    "constructs": {
      "version": "3.0.4",
      "resolved": "https://registry.npmjs.org/constructs/-/constructs-3.0.4.tgz",
      "integrity": "sha512-CDvg7gMjphE3DFX4pzkF6j73NREbR8npPFW8Mx/CLRnMR035+Y1o1HrXIsNSss/dq3ZUnNTU9jKyd3fL9EOlfw==",
      "dev": true
    },
    "diff": {
      "version": "4.0.2",
      "resolved": "https://registry.npmjs.org/diff/-/diff-4.0.2.tgz",
      "integrity": "sha512-58lmxKSA4BNyLz+HHMUzlOEpg09FV+ev6ZMe3vJihgdxzgcwZ8VoEEPmALCZG9LmqfVoNMMKpttIYTVG6uDY7A==",
      "dev": true
    },
    "escape-string-regexp": {
      "version": "1.0.5",
      "resolved": "https://registry.npmjs.org/escape-string-regexp/-/escape-string-regexp-1.0.5.tgz",
      "integrity": "sha1-G2HAViGQqN/2rjuyzwIAyhMLhtQ=",
      "dev": true
    },
    "esprima": {
      "version": "4.0.1",
      "resolved": "https://registry.npmjs.org/esprima/-/esprima-4.0.1.tgz",
      "integrity": "sha512-eGuFFw7Upda+g4p+QHvnW0RyTX/SVeJBDM/gCtMARO0cLuT2HcEKnTPvhjV6aGeqrCB/sbNop0Kszm0jsaWU4A==",
      "dev": true
    },
    "fs.realpath": {
      "version": "1.0.0",
      "resolved": "https://registry.npmjs.org/fs.realpath/-/fs.realpath-1.0.0.tgz",
      "integrity": "sha1-FQStJSMVjKpA20onh8sBQRmU6k8=",
      "dev": true
    },
    "glob": {
      "version": "7.1.6",
      "resolved": "https://registry.npmjs.org/glob/-/glob-7.1.6.tgz",
      "integrity": "sha512-LwaxwyZ72Lk7vZINtNNrywX0ZuLyStrdDtabefZKAY5ZGJhVtgdznluResxNmPitE0SAO+O26sWTHeKSI2wMBA==",
      "dev": true,
      "requires": {
        "fs.realpath": "^1.0.0",
        "inflight": "^1.0.4",
        "inherits": "2",
        "minimatch": "^3.0.4",
        "once": "^1.3.0",
        "path-is-absolute": "^1.0.0"
      }
    },
    "has-flag": {
      "version": "3.0.0",
      "resolved": "https://registry.npmjs.org/has-flag/-/has-flag-3.0.0.tgz",
      "integrity": "sha1-tdRU3CGZriJWmfNGfloH87lVuv0=",
      "dev": true
    },
    "inflight": {
      "version": "1.0.6",
      "resolved": "https://registry.npmjs.org/inflight/-/inflight-1.0.6.tgz",
      "integrity": "sha1-Sb1jMdfQLQwJvJEKEHW6gWW1bfk=",
      "dev": true,
      "requires": {
        "once": "^1.3.0",
        "wrappy": "1"
      }
    },
    "inherits": {
      "version": "2.0.4",
      "resolved": "https://registry.npmjs.org/inherits/-/inherits-2.0.4.tgz",
      "integrity": "sha512-k/vGaX4/Yla3WzyMCvTQOXYeIHvqOKtnqBduzTHpzpQZzAskKMhZ2K+EnBiSM9zGSoIFeMpXKxa4dYeZIQqewQ==",
      "dev": true
    },
    "js-tokens": {
      "version": "4.0.0",
      "resolved": "https://registry.npmjs.org/js-tokens/-/js-tokens-4.0.0.tgz",
      "integrity": "sha512-RdJUflcE3cUzKiMqQgsCu06FPu9UdIJO0beYbPhHN4k6apgJtifcoCtT9bcxOpYBtpD2kCM6Sbzg4CausW/PKQ==",
      "dev": true
    },
    "js-yaml": {
      "version": "3.14.0",
      "resolved": "https://registry.npmjs.org/js-yaml/-/js-yaml-3.14.0.tgz",
      "integrity": "sha512-/4IbIeHcD9VMHFqDR/gQ7EdZdLimOvW2DdcxFjdyyZ9NsbS+ccrXqVWDtab/lRl5AlUqmpBx8EhPaWR+OtY17A==",
      "dev": true,
      "requires": {
        "argparse": "^1.0.7",
        "esprima": "^4.0.0"
      }
    },
    "make-error": {
      "version": "1.3.6",
      "resolved": "https://registry.npmjs.org/make-error/-/make-error-1.3.6.tgz",
      "integrity": "sha512-s8UhlNe7vPKomQhC1qFelMokr/Sc3AgNbso3n74mVPA5LTZwkB9NlXf4XPamLxJE8h0gh73rM94xvwRT2CVInw==",
      "dev": true
    },
    "minimatch": {
      "version": "3.0.4",
      "resolved": "https://registry.npmjs.org/minimatch/-/minimatch-3.0.4.tgz",
      "integrity": "sha512-yJHVQEhyqPLUTgt9B83PXu6W3rx4MvvHvSUvToogpwoGDOUQ+yDrR0HRot+yOCdCO7u4hX3pWft6kWBBcqh0UA==",
      "dev": true,
      "requires": {
        "brace-expansion": "^1.1.7"
      }
    },
    "minimist": {
      "version": "1.2.5",
      "resolved": "https://registry.npmjs.org/minimist/-/minimist-1.2.5.tgz",
      "integrity": "sha512-FM9nNUYrRBAELZQT3xeZQ7fmMOBg6nWNmJKTcgsJeaLstP/UODVpGsr5OhXhhXg6f+qtJ8uiZ+PUxkDWcgIXLw==",
      "dev": true
    },
    "mkdirp": {
      "version": "0.5.5",
      "resolved": "https://registry.npmjs.org/mkdirp/-/mkdirp-0.5.5.tgz",
      "integrity": "sha512-NKmAlESf6jMGym1++R0Ra7wvhV+wFW63FaSOFPwRahvea0gMUcGUhVeAg/0BC0wiv9ih5NYPB1Wn1UEI1/L+xQ==",
      "dev": true,
      "requires": {
        "minimist": "^1.2.5"
      }
    },
    "once": {
      "version": "1.4.0",
      "resolved": "https://registry.npmjs.org/once/-/once-1.4.0.tgz",
      "integrity": "sha1-WDsap3WWHUsROsF9nFC6753Xa9E=",
      "dev": true,
      "requires": {
        "wrappy": "1"
      }
    },
    "path-is-absolute": {
      "version": "1.0.1",
      "resolved": "https://registry.npmjs.org/path-is-absolute/-/path-is-absolute-1.0.1.tgz",
      "integrity": "sha1-F0uSaHNVNP+8es5r9TpanhtcX18=",
      "dev": true
    },
    "path-parse": {
      "version": "1.0.6",
      "resolved": "https://registry.npmjs.org/path-parse/-/path-parse-1.0.6.tgz",
      "integrity": "sha512-GSmOT2EbHrINBf9SR7CDELwlJ8AENk3Qn7OikK4nFYAu3Ote2+JYNVvkpAEQm3/TLNEJFD/xZJjzyxg3KBWOzw==",
      "dev": true
    },
    "resolve": {
      "version": "1.17.0",
      "resolved": "https://registry.npmjs.org/resolve/-/resolve-1.17.0.tgz",
      "integrity": "sha512-ic+7JYiV8Vi2yzQGFWOkiZD5Z9z7O2Zhm9XMaTxdJExKasieFCr+yXZ/WmXsckHiKl12ar0y6XiXDx3m4RHn1w==",
      "dev": true,
      "requires": {
        "path-parse": "^1.0.6"
      }
    },
    "semver": {
      "version": "5.7.1",
      "resolved": "https://registry.npmjs.org/semver/-/semver-5.7.1.tgz",
      "integrity": "sha512-sauaDf/PZdVgrLTNYHRtpXa1iRiKcaebiKQ1BJdpQlWH2lCvexQdX55snPFyK7QzpudqbCI0qXFfOasHdyNDGQ==",
      "dev": true
    },
    "source-map": {
      "version": "0.6.1",
      "resolved": "https://registry.npmjs.org/source-map/-/source-map-0.6.1.tgz",
      "integrity": "sha512-UjgapumWlbMhkBgzT7Ykc5YXUT46F0iKu8SGXq0bcwP5dz/h0Plj6enJqjz1Zbq2l5WaqYnrVbwWOWMyF3F47g==",
      "dev": true
    },
    "source-map-support": {
      "version": "0.5.19",
      "resolved": "https://registry.npmjs.org/source-map-support/-/source-map-support-0.5.19.tgz",
      "integrity": "sha512-Wonm7zOCIJzBGQdB+thsPar0kYuCIzYvxZwlBa87yi/Mdjv7Tip2cyVbLj5o0cFPN4EVkuTwb3GDDyUx2DGnGw==",
      "dev": true,
      "requires": {
        "buffer-from": "^1.0.0",
        "source-map": "^0.6.0"
      }
    },
    "sprintf-js": {
      "version": "1.0.3",
      "resolved": "https://registry.npmjs.org/sprintf-js/-/sprintf-js-1.0.3.tgz",
      "integrity": "sha1-BOaSb2YolTVPPdAVIDYzuFcpfiw=",
      "dev": true
    },
    "supports-color": {
      "version": "5.5.0",
      "resolved": "https://registry.npmjs.org/supports-color/-/supports-color-5.5.0.tgz",
      "integrity": "sha512-QjVjwdXIt408MIiAqCX4oUKsgU2EqAGzs2Ppkm4aQYbjm+ZEWEcW4SfFNTr4uMNZma0ey4f5lgLrkB0aX0QMow==",
      "dev": true,
      "requires": {
        "has-flag": "^3.0.0"
      }
    },
    "ts-node": {
      "version": "8.10.2",
      "resolved": "https://registry.npmjs.org/ts-node/-/ts-node-8.10.2.tgz",
      "integrity": "sha512-ISJJGgkIpDdBhWVu3jufsWpK3Rzo7bdiIXJjQc0ynKxVOVcg2oIrf2H2cejminGrptVc6q6/uynAHNCuWGbpVA==",
      "dev": true,
      "requires": {
        "arg": "^4.1.0",
        "diff": "^4.0.1",
        "make-error": "^1.1.1",
        "source-map-support": "^0.5.17",
        "yn": "3.1.1"
      }
    },
    "tslib": {
      "version": "1.13.0",
      "resolved": "https://registry.npmjs.org/tslib/-/tslib-1.13.0.tgz",
      "integrity": "sha512-i/6DQjL8Xf3be4K/E6Wgpekn5Qasl1usyw++dAA35Ue5orEn65VIxOA+YvNNl9HV3qv70T7CNwjODHZrLwvd1Q==",
      "dev": true
    },
    "tslint": {
      "version": "6.1.2",
      "resolved": "https://registry.npmjs.org/tslint/-/tslint-6.1.2.tgz",
      "integrity": "sha512-UyNrLdK3E0fQG/xWNqAFAC5ugtFyPO4JJR1KyyfQAyzR8W0fTRrC91A8Wej4BntFzcvETdCSDa/4PnNYJQLYiA==",
      "dev": true,
      "requires": {
        "@babel/code-frame": "^7.0.0",
        "builtin-modules": "^1.1.1",
        "chalk": "^2.3.0",
        "commander": "^2.12.1",
        "diff": "^4.0.1",
        "glob": "^7.1.1",
        "js-yaml": "^3.13.1",
        "minimatch": "^3.0.4",
        "mkdirp": "^0.5.3",
        "resolve": "^1.3.2",
        "semver": "^5.3.0",
        "tslib": "^1.10.0",
        "tsutils": "^2.29.0"
      }
    },
    "tslint-config-prettier": {
      "version": "1.18.0",
      "resolved": "https://registry.npmjs.org/tslint-config-prettier/-/tslint-config-prettier-1.18.0.tgz",
      "integrity": "sha512-xPw9PgNPLG3iKRxmK7DWr+Ea/SzrvfHtjFt5LBl61gk2UBG/DB9kCXRjv+xyIU1rUtnayLeMUVJBcMX8Z17nDg==",
      "dev": true
    },
    "tsutils": {
      "version": "2.29.0",
      "resolved": "https://registry.npmjs.org/tsutils/-/tsutils-2.29.0.tgz",
      "integrity": "sha512-g5JVHCIJwzfISaXpXE1qvNalca5Jwob6FjI4AoPlqMusJ6ftFE7IkkFoMhVLRgK+4Kx3gkzb8UZK5t5yTTvEmA==",
      "dev": true,
      "requires": {
        "tslib": "^1.8.1"
      }
    },
    "typescript": {
      "version": "3.8.3",
      "resolved": "https://registry.npmjs.org/typescript/-/typescript-3.8.3.tgz",
      "integrity": "sha512-MYlEfn5VrLNsgudQTVJeNaQFUAI7DkhnOjdpAp4T+ku1TfQClewlbSuTVHiA+8skNBgaf02TL/kLOvig4y3G8w==",
      "dev": true
    },
    "wrappy": {
      "version": "1.0.2",
      "resolved": "https://registry.npmjs.org/wrappy/-/wrappy-1.0.2.tgz",
      "integrity": "sha1-tSQ9jz7BqjXxNkYFvA0QNuMKtp8=",
      "dev": true
    },
    "yn": {
      "version": "3.1.1",
      "resolved": "https://registry.npmjs.org/yn/-/yn-3.1.1.tgz",
      "integrity": "sha512-Ux4ygGWsu2c7isFWe8Yu1YluJmqVhxqK2cLXNQA5AcC3QfbGNpM7fu0Y8b/z16pXLnFxZYvWhd3fhBY9DLmC6Q==",
      "dev": true
    }
  }
}
